
Microsoft Visual Studio Solution File, Format Version 12.00
# Visual Studio 15
VisualStudioVersion = 15.0.28010.2048
MinimumVisualStudioVersion = 10.0.40219.1
Project("{FAE04EC0-301F-11D3-BF4B-00C04F79EFBC}") = "PingPongClient.UI", "PingPongClient.UI\PingPongClient.UI.csproj", "{FC2C20CA-A4F8-4885-A38C-3AE30E0CE66D}"
EndProject
Project("{FAE04EC0-301F-11D3-BF4B-00C04F79EFBC}") = "PingPongClient.Connection.Core", "PingPongClient.Connection.Core\PingPongClient.Connection.Core.csproj", "{72235F54-6B5C-476A-B28B-01E4A42512B0}"
EndProject
Global
	GlobalSection(SolutionConfigurationPlatforms) = preSolution
		Debug|Any CPU = Debug|Any CPU
		Release|Any CPU = Release|Any CPU
	EndGlobalSection
	GlobalSection(ProjectConfigurationPlatforms) = postSolution
		{FC2C20CA-A4F8-4885-A38C-3AE30E0CE66D}.Debug|Any CPU.ActiveCfg = Debug|Any CPU
		{FC2C20CA-A4F8-4885-A38C-3AE30E0CE66D}.Debug|Any CPU.Build.0 = Debug|Any CPU
		{FC2C20CA-A4F8-4885-A38C-3AE30E0CE66D}.Release|Any CPU.ActiveCfg = Release|Any CPU
		{FC2C20CA-A4F8-4885-A38C-3AE30E0CE66D}.Release|Any CPU.Build.0 = Release|Any CPU
		{72235F54-6B5C-476A-B28B-01E4A42512B0}.Debug|Any CPU.ActiveCfg = Debug|Any CPU
		{72235F54-6B5C-476A-B28B-01E4A42512B0}.Debug|Any CPU.Build.0 = Debug|Any CPU
		{72235F54-6B5C-476A-B28B-01E4A42512B0}.Release|Any CPU.ActiveCfg = Release|Any CPU
		{72235F54-6B5C-476A-B28B-01E4A42512B0}.Release|Any CPU.Build.0 = Release|Any CPU
	EndGlobalSection
	GlobalSection(SolutionProperties) = preSolution
		HideSolutionNode = FALSE
	EndGlobalSection
	GlobalSection(ExtensibilityGlobals) = postSolution
		SolutionGuid = {F43D74C8-31B4-405A-A88C-F5371282C6AF}
	EndGlobalSection
EndGlobal
